
Microsoft Visual Studio Solution File, Format Version 12.00
# Visual Studio Version 17
VisualStudioVersion = 17.14.37628.2 d17.14
MinimumVisualStudioVersion = 10.0.40219.1
Project("{FAE04EC0-301F-11D3-BF4B-00C04F79EFBC}") = "DiceRoller", "DiceRoller\DiceRoller.csproj", "{A408D7D2-68EB-4ED8-BAF1-FEBAC7FB7760}"
EndProject
Global
	GlobalSection(SolutionConfigurationPlatforms) = preSolution
		Debug|Any CPU = Debug|Any CPU
		Release|Any CPU = Release|Any CPU
	EndGlobalSection
	GlobalSection(ProjectConfigurationPlatforms) = postSolution
		{A408D7D2-68EB-4ED8-BAF1-FEBAC7FB7760}.Debug|Any CPU.ActiveCfg = Debug|Any CPU
		{A408D7D2-68EB-4ED8-BAF1-FEBAC7FB7760}.Debug|Any CPU.Build.0 = Debug|Any CPU
		{A408D7D2-68EB-4ED8-BAF1-FEBAC7FB7760}.Release|Any CPU.ActiveCfg = Release|Any CPU
		{A408D7D2-68EB-4ED8-BAF1-FEBAC7FB7760}.Release|Any CPU.Build.0 = Release|Any CPU
	EndGlobalSection
	GlobalSection(SolutionProperties) = preSolution
		HideSolutionNode = FALSE
	EndGlobalSection
	GlobalSection(ExtensibilityGlobals) = postSolution
		SolutionGuid = {72648452-1021-408B-8FA1-E051DF51029F}
	EndGlobalSection
EndGlobal
